
Microsoft Visual Studio Solution File, Format Version 12.00
# Visual Studio Version 17
VisualStudioVersion = 17.0.31919.166
MinimumVisualStudioVersion = 10.0.40219.1
Project("{FAE04EC0-301F-11D3-BF4B-00C04F79EFBC}") = "HomeWork_500W_Stack,Q", "HomeWork_500W_Stack,Q\HomeWork_500W_Stack,Q.csproj", "{83150943-D433-44E5-9C8B-C5506BDA817C}"
EndProject
Global
	GlobalSection(SolutionConfigurationPlatforms) = preSolution
		Debug|Any CPU = Debug|Any CPU
		Release|Any CPU = Release|Any CPU
	EndGlobalSection
	GlobalSection(ProjectConfigurationPlatforms) = postSolution
		{83150943-D433-44E5-9C8B-C5506BDA817C}.Debug|Any CPU.ActiveCfg = Debug|Any CPU
		{83150943-D433-44E5-9C8B-C5506BDA817C}.Debug|Any CPU.Build.0 = Debug|Any CPU
		{83150943-D433-44E5-9C8B-C5506BDA817C}.Release|Any CPU.ActiveCfg = Release|Any CPU
		{83150943-D433-44E5-9C8B-C5506BDA817C}.Release|Any CPU.Build.0 = Release|Any CPU
	EndGlobalSection
	GlobalSection(SolutionProperties) = preSolution
		HideSolutionNode = FALSE
	EndGlobalSection
	GlobalSection(ExtensibilityGlobals) = postSolution
		SolutionGuid = {83136E5B-3583-420A-938B-C3AD2BA34FB7}
	EndGlobalSection
EndGlobal
